
Microsoft Visual Studio Solution File, Format Version 12.00
# Visual Studio Version 17
VisualStudioVersion = 17.13.35828.75
MinimumVisualStudioVersion = 10.0.40219.1
Project("{FAE04EC0-301F-11D3-BF4B-00C04F79EFBC}") = "VatCalculatorApi", "VatCalculatorApi.csproj", "{A7A2547B-6166-4DF4-8F71-1E22CC051D76}"
EndProject
Project("{FAE04EC0-301F-11D3-BF4B-00C04F79EFBC}") = "VatCalculator.Test", "..\VatCalculator.Test\VatCalculator.Test.csproj", "{158C2521-FAA3-41F2-AE28-B41EF5F3DB50}"
EndProject
Global
	GlobalSection(SolutionConfigurationPlatforms) = preSolution
		Debug|Any CPU = Debug|Any CPU
		Release|Any CPU = Release|Any CPU
	EndGlobalSection
	GlobalSection(ProjectConfigurationPlatforms) = postSolution
		{A7A2547B-6166-4DF4-8F71-1E22CC051D76}.Debug|Any CPU.ActiveCfg = Debug|Any CPU
		{A7A2547B-6166-4DF4-8F71-1E22CC051D76}.Debug|Any CPU.Build.0 = Debug|Any CPU
		{A7A2547B-6166-4DF4-8F71-1E22CC051D76}.Release|Any CPU.ActiveCfg = Release|Any CPU
		{A7A2547B-6166-4DF4-8F71-1E22CC051D76}.Release|Any CPU.Build.0 = Release|Any CPU
		{158C2521-FAA3-41F2-AE28-B41EF5F3DB50}.Debug|Any CPU.ActiveCfg = Debug|Any CPU
		{158C2521-FAA3-41F2-AE28-B41EF5F3DB50}.Debug|Any CPU.Build.0 = Debug|Any CPU
		{158C2521-FAA3-41F2-AE28-B41EF5F3DB50}.Release|Any CPU.ActiveCfg = Release|Any CPU
		{158C2521-FAA3-41F2-AE28-B41EF5F3DB50}.Release|Any CPU.Build.0 = Release|Any CPU
	EndGlobalSection
	GlobalSection(SolutionProperties) = preSolution
		HideSolutionNode = FALSE
	EndGlobalSection
	GlobalSection(ExtensibilityGlobals) = postSolution
		SolutionGuid = {30D55963-5E6B-4FB6-9F2E-8D68481BA4D0}
	EndGlobalSection
EndGlobal
